github.com/aws/aws-sdk-go-v2 v1.36.3 h1:mJoei2CxPutQVxaATCzDUjcZEjVRdpsiiXi2o38yqWM=
github.com/aws/aws-sdk-go-v2 v1.36.3/go.mod h1:LLXuLpgzEbD766Z5ECcRmi8AzSwfZItDtmABVkRLGzg=
github.com/aws/aws-sdk-go-v2/config v1.27.40 h1:sie4mPBGFOO+Z27+yHzvyN31G20h/bf2xb5mCbpLv2Q=
github.com/aws/aws-sdk-go-v2/config v1.27.40/go.mod h1:4KW7Aa5tNo+0VHnuLnnE1vPHtwMurlNZNS65IdcewHA=
github.com/aws/aws-sdk-go-v2/credentials v1.17.38 h1:iM90eRhCeZtlkzCNCG1JysOzJXGYf5rx80aD1lUgNDU=
github.com/aws/aws-sdk-go-v2/credentials v1.17.38/go.mod h1:TCVYPZeQuLaYNEkf/TVn6k5k/zdVZZ7xH9po548VNNg=
github.com/aws/aws-sdk-go-v2/feature/ec2/imds v1.16.14 h1:C/d03NAmh8C4BZXhuRNboF/DqhBkBCeDiJDcaqIT5pA=
github.com/aws/aws-sdk-go-v2/feature/ec2/imds v1.16.14/go.mod h1:7I0Ju7p9mCIdlrfS+JCgqcYD0VXz/N4yozsox+0o078=
github.com/aws/aws-sdk-go-v2/internal/configsources v1.3.34 h1:ZK5jHhnrioRkUNOc+hOgQKlUL5JeC3S6JgLxtQ+Rm0Q=
github.com/aws/aws-sdk-go-v2/internal/configsources v1.3.34/go.mod h1:p4VfIceZokChbA9FzMbRGz5OV+lekcVtHlPKEO0gSZY=
github.com/aws/aws-sdk-go-v2/internal/endpoints/v2 v2.6.34 h1:SZwFm17ZUNNg5Np0ioo/gq8Mn6u9w19Mri8DnJ15Jf0=
github.com/aws/aws-sdk-go-v2/internal/endpoints/v2 v2.6.34/go.mod h1:dFZsC0BLo346mvKQLWmoJxT+Sjp+qcVR1tRVHQGOH9Q=
github.com/aws/aws-sdk-go-v2/internal/ini v1.8.1 h1:VaRN3TlFdd6KxX1x3ILT5ynH6HvKgqdiXoTxAF4HQcQ=
github.com/aws/aws-sdk-go-v2/internal/ini v1.8.1/go.mod h1:FbtygfRFze9usAadmnGJNc8KsP346kEe+y2/oyhGAGc=
github.com/aws/aws-sdk-go-v2/service/internal/accept-encoding v1.11.5 h1:QFASJGfT8wMXtuP3D5CRmMjARHv9ZmzFUMJznHDOY3w=
github.com/aws/aws-sdk-go-v2/service/internal/accept-encoding v1.11.5/go.mod h1:QdZ3OmoIjSX+8D1OPAzPxDfjXASbBMDsz9qvtyIhtik=
github.com/aws/aws-sdk-go-v2/service/internal/presigned-url v1.11.20 h1:Xbwbmk44URTiHNx6PNo0ujDE6ERlsCKJD3u1zfnzAPg=
github.com/aws/aws-sdk-go-v2/service/internal/presigned-url v1.11.20/go.mod h1:oAfOFzUB14ltPZj1rWwRc3d/6OgD76R8KlvU3EqM9Fg=
github.com/aws/aws-sdk-go-v2/service/kms v1.38.0 h1:+2/0Cq0R/audJhwM1GpJMg8X1TTrMKDFRLO5RMaNRU0=
github.com/aws/aws-sdk-go-v2/service/kms v1.38.0/go.mod h1:cQn6tAF77Di6m4huxovNM7NVAozWTZLsDRp9t8Z/WYk=
github.com/aws/aws-sdk-go-v2/service/sso v1.23.4 h1:ck/Y8XWNR1gHa4BFkwE3oSu7XDJGwl+8TI7E/RB2EcQ=
github.com/aws/aws-sdk-go-v2/service/sso v1.23.4/go.mod h1:XRlMvmad0ZNL+75C5FYdMvbbLkd6qiqz6foR1nA1PXY=
github.com/aws/aws-sdk-go-v2/service/ssooidc v1.27.4 h1:4f2/JKYZHAZbQ7koBpZ012bKi32NHPY0m7TDuJgsbug=
github.com/aws/aws-sdk-go-v2/service/ssooidc v1.27.4/go.mod h1:FnvDM4sfa+isJ3kDXIzAB9GAwVSzFzSy97uZ3IsHo4E=
github.com/aws/aws-sdk-go-v2/service/sts v1.31.4 h1:uK6dUUdJtqutK1XO/tmNaQMJiPLCJY/eAeOOmqQ6ygY=
github.com/aws/aws-sdk-go-v2/service/sts v1.31.4/go.mod h1:yMWe0F+XG0DkRZK5ODZhG7BEFYhLXi2dqGsv6tX0cgI=
github.com/aws/smithy-go v1.22.2 h1:6D9hW43xKFrRx/tXXfAlIZc4JI+yQe6snnWcQyxSyLQ=
github.com/aws/smithy-go v1.22.2/go.mod h1:irrKGvNn1InZwb2d7fkIRNucdfwR8R+Ts3wxYa/cJHg=
github.com/cpuguy83/go-md2man/v2 v2.0.6/go.mod h1:oOW0eioCTA6cOiMLiUPZOpcVxMig6NIQQ7OS05n1F4g=
github.com/distributed-lab/enclave-extras/attestation v0.1.3 h1:eD7gO6KMpsLTgnmQX5qChSDWOaENB5BI2Wdnt8qRQNc=
github.com/distributed-lab/enclave-extras/attestation v0.1.3/go.mod h1:li6e9fckEaqCPEgEwYfV2CoHRONCuRdqNY3vaypDVMI=
github.com/distributed-lab/enclave-extras/nsm v0.1.4 h1:TlZLfJcRcjaeUlkrmywA5QaHkNKR699DQpvdtKtKJXI=
github.com/distributed-lab/enclave-extras/nsm v0.1.4/go.mod h1:+E4yLxmYueteXxaSNA2f+/l/gkvWlvQNUaUA+t0eLhk=
github.com/ethereum/go-ethereum v1.13.15 h1:U7sSGYGo4SPjP6iNIifNoyIAiNjrmQkz6EwQG+/EZWo=
github.com/ethereum/go-ethereum v1.13.15/go.mod h1:TN8ZiHrdJwSe8Cb6x+p0hs5CxhJZPbqB7hHkaUXcmIU=
github.com/fxamacker/cbor/v2 v2.7.0 h1:iM5WgngdRBanHcxugY4JySA0nk1wZorNOpTgCMedv5E=
github.com/fxamacker/cbor/v2 v2.7.0/go.mod h1:pxXPTn3joSm21Gbwsv0w9OSA2y1HFR9qXEeXQVeNoDQ=
github.com/holiman/uint256 v1.2.4 h1:jUc4Nk8fm9jZabQuqr2JzednajVmBpC+oiTiXZJEApU=
github.com/holiman/uint256 v1.2.4/go.mod h1:EOMSn4q6Nyt9P6efbI3bueV4e1b3dGlUCXeiRV4ng7E=
github.com/inconshreveable/mousetrap v1.1.0 h1:wN+x4NVGpMsO7ErUn/mUI3vEoE6Jt13X2s0bqwp9tc8=
github.com/inconshreveable/mousetrap v1.1.0/go.mod h1:vpF70FUmC8bwa3OWnCshd2FqLfsEA9PFc4w1p2J65bw=
github.com/russross/blackfriday/v2 v2.1.0/go.mod h1:+Rmxgy9KzJVeS9/2gXHxylqXiyQDYRxCVz55jmeOWTM=
github.com/spf13/cobra v1.9.1 h1:CXSaggrXdbHK9CF+8ywj8Amf7PBRmPCOJugH954Nnlo=
github.com/spf13/cobra v1.9.1/go.mod h1:nDyEzZ8ogv936Cinf6g1RU9MRY64Ir93oCnqb9wxYW0=
github.com/spf13/pflag v1.0.6 h1:jFzHGLGAlb3ruxLB8MhbI6A8+AQX/2eW4qeyNZXNp2o=
github.com/spf13/pflag v1.0.6/go.mod h1:McXfInJRrz4CZXVZOBLb0bTZqETkiAhM9Iw0y3An2Bg=
github.com/x448/float16 v0.8.4 h1:qLwI1I70+NjRFUR3zs1JPUCgaCXSh3SW62uAKT1mSBM=
github.com/x448/float16 v0.8.4/go.mod h1:14CWIYCyZA/cWjXOioeEpHeN/83MdbZDRQHoFcYsOfg=
golang.org/x/crypto v0.24.0 h1:mnl8DM0o513X8fdIkmyFE/5hTYxbwYOjDS/+rK6qpRI=
golang.org/x/crypto v0.24.0/go.mod h1:Z1PMYSOR5nyMcyAVAIQSKCDwalqy85Aqn1x3Ws4L5DM=
gopkg.in/check.v1 v0.0.0-20161208181325-20d25e280405/go.mod h1:Co6ibVJAznAaIkqp8huTwlJQCZ016jof/cbN4VW5Yz0=
gopkg.in/yaml.v3 v3.0.1/go.mod h1:K4uyk7z7BCEPqu6E+C64Yfv1cQ7kz7rIZviUmN+EgEM=
